// !$*UTF8*$!
{
	archiveVersion = 1;
	classes = {
	};
	objectVersion = 46;
	objects = {

/* Begin PBXBuildFile section */
		F04C30AF1EB10DEC0039A8D7 /* AppDelegate.swift in Sources */ = {isa = PBXBuildFile; fileRef = F04C30AE1EB10DEC0039A8D7 /* AppDelegate.swift */; };
		F04C30B11EB10DEC0039A8D7 /* ViewController.swift in Sources */ = {isa = PBXBuildFile; fileRef = F04C30B01EB10DEC0039A8D7 /* ViewController.swift */; };
		F04C30B41EB10DEC0039A8D7 /* Main.storyboard in Resources */ = {isa = PBXBuildFile; fileRef = F04C30B21EB10DEC0039A8D7 /* Main.storyboard */; };
		F04C30B61EB10DEC0039A8D7 /* Assets.xcassets in Resources */ = {isa = PBXBuildFile; fileRef = F04C30B51EB10DEC0039A8D7 /* Assets.xcassets */; };
		F04C30B91EB10DEC0039A8D7 /* LaunchScreen.storyboard in Resources */ = {isa = PBXBuildFile; fileRef = F04C30B71EB10DEC0039A8D7 /* LaunchScreen.storyboard */; };
/* End PBXBuildFile section */

/* Begin PBXFileReference section */
		F04C30AB1EB10DEC0039A8D7 /* goaler.app */ = {isa = PBXFileReference; explicitFileType = wrapper.application; includeInIndex = 0; path = goaler.app; sourceTree = BUILT_PRODUCTS_DIR; };
		F04C30AE1EB10DEC0039A8D7 /* AppDelegate.swift */ = {isa = PBXFileReference; lastKnownFileType = sourcecode.swift; path = AppDelegate.swift; sourceTree = "<group>"; };
		F04C30B01EB10DEC0039A8D7 /* ViewController.swift */ = {isa = PBXFileReference; lastKnownFileType = sourcecode.swift; path = ViewController.swift; sourceTree = "<group>"; };
		F04C30B31EB10DEC0039A8D7 /* Base */ = {isa = PBXFileReference; lastKnownFileType = file.storyboard; name = Base; path = Base.lproj/Main.storyboard; sourceTree = "<group>"; };
		F04C30B51EB10DEC0039A8D7 /* Assets.xcassets */ = {isa = PBXFileReference; lastKnownFileType = folder.assetcatalog; path = Assets.xcassets; sourceTree = "<group>"; };
		F04C30B81EB10DEC0039A8D7 /* Base */ = {isa = PBXFileReference; lastKnownFileType = file.storyboard; name = Base; path = Base.lproj/LaunchScreen.storyboard; sourceTree = "<group>"; };
		F04C30BA1EB10DEC0039A8D7 /* Info.plist */ = {isa = PBXFileReference; lastKnownFileType = text.plist.xml; path = Info.plist; sourceTree = "<group>"; };
/* End PBXFileReference section */

/* Begin PBXFrameworksBuildPhase section */
		F04C30A81EB10DEC0039A8D7 /* Frameworks */ = {
			isa = PBXFrameworksBuildPhase;
			buildActionMask = 2147483647;
			files = (
			);
			runOnlyForDeploymentPostprocessing = 0;
		};
/* End PBXFrameworksBuildPhase section */

/* Begin PBXGroup section */
		F04C30A21EB10DEC0039A8D7 = {
			isa = PBXGroup;
			children = (
				F04C30AD1EB10DEC0039A8D7 /* goaler */,
				F04C30AC1EB10DEC0039A8D7 /* Products */,
			);
			sourceTree = "<group>";
		};
		F04C30AC1EB10DEC0039A8D7 /* Products */ = {
			isa = PBXGroup;
			children = (
				F04C30AB1EB10DEC0039A8D7 /* goaler.app */,
			);
			name = Products;
			sourceTree = "<group>";
		};
		F04C30AD1EB10DEC0039A8D7 /* goaler */ = {
			isa = PBXGroup;
			children = (
				F04C30AE1EB10DEC0039A8D7 /* AppDelegate.swift */,
				F04C30B01EB10DEC0039A8D7 /* ViewController.swift */,
				F04C30B21EB10DEC0039A8D7 /* Main.storyboard */,
				F04C30B51EB10DEC0039A8D7 /* Assets.xcassets */,
				F04C30B71EB10DEC0039A8D7 /* LaunchScreen.storyboard */,
				F04C30BA1EB10DEC0039A8D7 /* Info.plist */,
			);
			path = goaler;
			sourceTree = "<group>";
		};
/* End PBXGroup section */

/* Begin PBXNativeTarget section */
		F04C30AA1EB10DEC0039A8D7 /* goaler */ = {
			isa = PBXNativeTarget;
			buildConfigurationList = F04C30BD1EB10DEC0039A8D7 /* Build configuration list for PBXNativeTarget "goaler" */;
			buildPhases = (
				F04C30A71EB10DEC0039A8D7 /* Sources */,
				F04C30A81EB10DEC0039A8D7 /* Frameworks */,
				F04C30A91EB10DEC0039A8D7 /* Resources */,
			);
			buildRules = (
			);
			dependencies = (
			);
			name = goaler;
			productName = goaler;
			productReference = F04C30AB1EB10DEC0039A8D7 /* goaler.app */;
			productType = "com.apple.product-type.application";
		};
/* End PBXNativeTarget section */

/* Begin PBXProject section */
		F04C30A31EB10DEC0039A8D7 /* Project object */ = {
			isa = PBXProject;
			attributes = {
				LastSwiftUpdateCheck = 0830;
				LastUpgradeCheck = 0830;
				ORGANIZATIONNAME = "Ricky Padilla";
				TargetAttributes = {
					F04C30AA1EB10DEC0039A8D7 = {
						CreatedOnToolsVersion = 8.3.1;
						DevelopmentTeam = 2T798Y9BAG;
						ProvisioningStyle = Automatic;
					};
				};
			};
			buildConfigurationList = F04C30A61EB10DEC0039A8D7 /* Build configuration list for PBXProject "goaler" */;
			compatibilityVersion = "Xcode 3.2";
			developmentRegion = English;
			hasScannedForEncodings = 0;
			knownRegions = (
				en,
				Base,
			);
			mainGroup = F04C30A21EB10DEC0039A8D7;
			productRefGroup = F04C30AC1EB10DEC0039A8D7 /* Products */;
			projectDirPath = "";
			projectRoot = "";
			targets = (
				F04C30AA1EB10DEC0039A8D7 /* goaler */,
			);
		};
/* End PBXProject section */

/* Begin PBXResourcesBuildPhase section */
		F04C30A91EB10DEC0039A8D7 /* Resources */ = {
			isa = PBXResourcesBuildPhase;
			buildActionMask = 2147483647;
			files = (
				F04C30B91EB10DEC0039A8D7 /* LaunchScreen.storyboard in Resources */,
				F04C30B61EB10DEC0039A8D7 /* Assets.xcassets in Resources */,
				F04C30B41EB10DEC0039A8D7 /* Main.storyboard in Resources */,
			);
			runOnlyForDeploymentPostprocessing = 0;
		};
/* End PBXResourcesBuildPhase section */

/* Begin PBXSourcesBuildPhase section */
		F04C30A71EB10DEC0039A8D7 /* Sources */ = {
			isa = PBXSourcesBuildPhase;
			buildActionMask = 2147483647;
			files = (
				F04C30B11EB10DEC0039A8D7 /* ViewController.swift in Sources */,
				F04C30AF1EB10DEC0039A8D7 /* AppDelegate.swift in Sources */,
			);
			runOnlyForDeploymentPostprocessing = 0;
		};
/* End PBXSourcesBuildPhase section */

/* Begin PBXVariantGroup section */
		F04C30B21EB10DEC0039A8D7 /* Main.storyboard */ = {
			isa = PBXVariantGroup;
			children = (
				F04C30B31EB10DEC0039A8D7 /* Base */,
			);
			name = Main.storyboard;
			sourceTree = "<group>";
		};
		F04C30B71EB10DEC0039A8D7 /* LaunchScreen.storyboard */ = {
			isa = PBXVariantGroup;
			children = (
				F04C30B81EB10DEC0039A8D7 /* Base */,
			);
			name = LaunchScreen.storyboard;
			sourceTree = "<group>";
		};
/* End PBXVariantGroup section */

/* Begin XCBuildConfiguration section */
		F04C30BB1EB10DEC0039A8D7 /* Debug */ = {
			isa = XCBuildConfiguration;
			buildSettings = {
				ALWAYS_SEARCH_USER_PATHS = NO;
				CLANG_ANALYZER_NONNULL = YES;
				CLANG_ANALYZER_NUMBER_OBJECT_CONVERSION = YES_AGGRESSIVE;
				CLANG_CXX_LANGUAGE_STANDARD = "gnu++0x";
				CLANG_CXX_LIBRARY = "libc++";
				CLANG_ENABLE_MODULES = YES;
				CLANG_ENABLE_OBJC_ARC = YES;
				CLANG_WARN_BOOL_CONVERSION = YES;
				CLANG_WARN_CONSTANT_CONVERSION = YES;
				CLANG_WARN_DIRECT_OBJC_ISA_USAGE = YES_ERROR;
				CLANG_WARN_DOCUMENTATION_COMMENTS = YES;
				CLANG_WARN_EMPTY_BODY = YES;
				CLANG_WARN_ENUM_CONVERSION = YES;
				CLANG_WARN_INFINITE_RECURSION = YES;
				CLANG_WARN_INT_CONVERSION = YES;
				CLANG_WARN_OBJC_ROOT_CLASS = YES_ERROR;
				CLANG_WARN_SUSPICIOUS_MOVE = YES;
				CLANG_WARN_UNREACHABLE_CODE = YES;
				CLANG_WARN__DUPLICATE_METHOD_MATCH = YES;
				"CODE_SIGN_IDENTITY[sdk=iphoneos*]" = "iPhone Developer";
				COPY_PHASE_STRIP = NO;
				DEBUG_INFORMATION_FORMAT = dwarf;
				ENABLE_STRICT_OBJC_MSGSEND = YES;
				ENABLE_TESTABILITY = YES;
				GCC_C_LANGUAGE_STANDARD = gnu99;
				GCC_DYNAMIC_NO_PIC = NO;
				GCC_NO_COMMON_BLOCKS = YES;
				GCC_OPTIMIZATION_LEVEL = 0;
				GCC_PREPROCESSOR_DEFINITIONS = (
					"DEBUG=1",
					"$(inherited)",
				);
				GCC_WARN_64_TO_32_BIT_CONVERSION = YES;
				GCC_WARN_ABOUT_RETURN_TYPE = YES_ERROR;
				GCC_WARN_UNDECLARED_SELECTOR = YES;
				GCC_WARN_UNINITIALIZED_AUTOS = YES_AGGRESSIVE;
				GCC_WARN_UNUSED_FUNCTION = YES;
				GCC_WARN_UNUSED_VARIABLE = YES;
				IPHONEOS_DEPLOYMENT_TARGET = 10.3;
				MTL_ENABLE_DEBUG_INFO = YES;
				ONLY_ACTIVE_ARCH = YES;
				SDKROOT = iphoneos;
				SWIFT_ACTIVE_COMPILATION_CONDITIONS = DEBUG;
				SWIFT_OPTIMIZATION_LEVEL = "-Onone";
				TARGETED_DEVICE_FAMILY = "1,2";
			};
			name = Debug;
		};
		F04C30BC1EB10DEC0039A8D7 /* Release */ = {
			isa = XCBuildConfiguration;
			buildSettings = {
				ALWAYS_SEARCH_USER_PATHS = NO;
				CLANG_ANALYZER_NONNULL = YES;
				CLANG_ANALYZER_NUMBER_OBJECT_CONVERSION = YES_AGGRESSIVE;
				CLANG_CXX_LANGUAGE_STANDARD = "gnu++0x";
				CLANG_CXX_LIBRARY = "libc++";
				CLANG_ENABLE_MODULES = YES;
				CLANG_ENABLE_OBJC_ARC = YES;
				CLANG_WARN_BOOL_CONVERSION = YES;
				CLANG_WARN_CONSTANT_CONVERSION = YES;
				CLANG_WARN_DIRECT_OBJC_ISA_USAGE = YES_ERROR;
				CLANG_WARN_DOCUMENTATION_COMMENTS = YES;
				CLANG_WARN_EMPTY_BODY = YES;
				CLANG_WARN_ENUM_CONVERSION = YES;
				CLANG_WARN_INFINITE_RECURSION = YES;
				CLANG_WARN_INT_CONVERSION = YES;
				CLANG_WARN_OBJC_ROOT_CLASS = YES_ERROR;
				CLANG_WARN_SUSPICIOUS_MOVE = YES;
				CLANG_WARN_UNREACHABLE_CODE = YES;
				CLANG_WARN__DUPLICATE_METHOD_MATCH = YES;
				"CODE_SIGN_IDENTITY[sdk=iphoneos*]" = "iPhone Developer";
				COPY_PHASE_STRIP = NO;
				DEBUG_INFORMATION_FORMAT = "dwarf-with-dsym";
				ENABLE_NS_ASSERTIONS = NO;
				ENABLE_STRICT_OBJC_MSGSEND = YES;
				GCC_C_LANGUAGE_STANDARD = gnu99;
				GCC_NO_COMMON_BLOCKS = YES;
				GCC_WARN_64_TO_32_BIT_CONVERSION = YES;
				GCC_WARN_ABOUT_RETURN_TYPE = YES_ERROR;
				GCC_WARN_UNDECLARED_SELECTOR = YES;
				GCC_WARN_UNINITIALIZED_AUTOS = YES_AGGRESSIVE;
				GCC_WARN_UNUSED_FUNCTION = YES;
				GCC_WARN_UNUSED_VARIABLE = YES;
				IPHONEOS_DEPLOYMENT_TARGET = 10.3;
				MTL_ENABLE_DEBUG_INFO = NO;
				SDKROOT = iphoneos;
				SWIFT_OPTIMIZATION_LEVEL = "-Owholemodule";
				TARGETED_DEVICE_FAMILY = "1,2";
				VALIDATE_PRODUCT = YES;
			};
			name = Release;
		};
		F04C30BE1EB10DEC0039A8D7 /* Debug */ = {
			isa = XCBuildConfiguration;
			buildSettings = {
				ASSETCATALOG_COMPILER_APPICON_NAME = AppIcon;
				DEVELOPMENT_TEAM = 2T798Y9BAG;
				INFOPLIST_FILE = goaler/Info.plist;
				LD_RUNPATH_SEARCH_PATHS = "$(inherited) @executable_path/Frameworks";
				PRODUCT_BUNDLE_IDENTIFIER = io.rky.goaler;
				PRODUCT_NAME = "$(TARGET_NAME)";
				SWIFT_VERSION = 3.0;
			};
			name = Debug;
		};
		F04C30BF1EB10DEC0039A8D7 /* Release */ = {
			isa = XCBuildConfiguration;
			buildSettings = {
				ASSETCATALOG_COMPILER_APPICON_NAME = AppIcon;
				DEVELOPMENT_TEAM = 2T798Y9BAG;
				INFOPLIST_FILE = goaler/Info.plist;
				LD_RUNPATH_SEARCH_PATHS = "$(inherited) @executable_path/Frameworks";
				PRODUCT_BUNDLE_IDENTIFIER = io.rky.goaler;
				PRODUCT_NAME = "$(TARGET_NAME)";
				SWIFT_VERSION = 3.0;
			};
			name = Release;
		};
/* End XCBuildConfiguration section */

/* Begin XCConfigurationList section */
		F04C30A61EB10DEC0039A8D7 /* Build configuration list for PBXProject "goaler" */ = {
			isa = XCConfigurationList;
			buildConfigurations = (
				F04C30BB1EB10DEC0039A8D7 /* Debug */,
				F04C30BC1EB10DEC0039A8D7 /* Release */,
			);
			defaultConfigurationIsVisible = 0;
			defaultConfigurationName = Release;
		};
		F04C30BD1EB10DEC0039A8D7 /* Build configuration list for PBXNativeTarget "goaler" */ = {
			isa = XCConfigurationList;
			buildConfigurations = (
				F04C30BE1EB10DEC0039A8D7 /* Debug */,
				F04C30BF1EB10DEC0039A8D7 /* Release */,
			);
			defaultConfigurationIsVisible = 0;
		};
/* End XCConfigurationList section */
	};
	rootObject = F04C30A31EB10DEC0039A8D7 /* Project object */;
}
